PODS:
  - Flutter (1.0.0)
  - keyboard_visibility (0.5.0):
    - Flutter
    - Reachability
  - Reachability (3.2)

DEPENDENCIES:
  - Flutter (from `.symlinks/flutter/ios`)
  - keyboard_visibility (from `.symlinks/plugins/keyboard_visibility/ios`)

SPEC REPOS:
  https://github.com/cocoapods/specs.git:
    - Reachability

EXTERNAL SOURCES:
  Flutter:
    :path: ".symlinks/flutter/ios"
  keyboard_visibility:
    :path: ".symlinks/plugins/keyboard_visibility/ios"

SPEC CHECKSUMS:
  Flutter: 9d0fac939486c9aba2809b7982dfdbb47a7b0296
  keyboard_visibility: 091164adbb54829fcee802523daff9e64a7d8023
  Reachability: 33e18b67625424e47b6cde6d202dce689ad7af96

PODFILE CHECKSUM: aff02bfeed411c636180d6812254b2daeea14d09

COCOAPODS: 1.5.3
